// !$*UTF8*$!
{
	archiveVersion = 1;
	classes = {
	};
	objectVersion = 50;
	objects = {

/* Begin PBXBuildFile section */
		CCCF3BC2256A3BC500908F74 /* ProbaTextAnimationApp.swift in Sources */ = {isa = PBXBuildFile; fileRef = CCCF3BC1256A3BC500908F74 /* ProbaTextAnimationApp.swift */; };
		CCCF3BC4256A3BC500908F74 /* ContentView.swift in Sources */ = {isa = PBXBuildFile; fileRef = CCCF3BC3256A3BC500908F74 /* ContentView.swift */; };
		CCCF3BC6256A3BC600908F74 /* Assets.xcassets in Resources */ = {isa = PBXBuildFile; fileRef = CCCF3BC5256A3BC600908F74 /* Assets.xcassets */; };
		CCCF3BC9256A3BC600908F74 /* Preview Assets.xcassets in Resources */ = {isa = PBXBuildFile; fileRef = CCCF3BC8256A3BC600908F74 /* Preview Assets.xcassets */; };
		CCCF3BD4256A3BC600908F74 /* ProbaTextAnimationTests.swift in Sources */ = {isa = PBXBuildFile; fileRef = CCCF3BD3256A3BC600908F74 /* ProbaTextAnimationTests.swift */; };
		CCCF3BDF256A3BC600908F74 /* ProbaTextAnimationUITests.swift in Sources */ = {isa = PBXBuildFile; fileRef = CCCF3BDE256A3BC600908F74 /* ProbaTextAnimationUITests.swift */; };
		CCCF3BF0256A3C0100908F74 /* TextAnimetion.swift in Sources */ = {isa = PBXBuildFile; fileRef = CCCF3BEF256A3C0100908F74 /* TextAnimetion.swift */; };
		CCCF3BF5256A418900908F74 /* Poli.swift in Sources */ = {isa = PBXBuildFile; fileRef = CCCF3BF4256A418900908F74 /* Poli.swift */; };
/* End PBXBuildFile section */

/* Begin PBXContainerItemProxy section */
		CCCF3BD0256A3BC600908F74 /* PBXContainerItemProxy */ = {
			isa = PBXContainerItemProxy;
			containerPortal = CCCF3BB6256A3BC500908F74 /* Project object */;
			proxyType = 1;
			remoteGlobalIDString = CCCF3BBD256A3BC500908F74;
			remoteInfo = ProbaTextAnimation;
		};
		CCCF3BDB256A3BC600908F74 /* PBXContainerItemProxy */ = {
			isa = PBXContainerItemProxy;
			containerPortal = CCCF3BB6256A3BC500908F74 /* Project object */;
			proxyType = 1;
			remoteGlobalIDString = CCCF3BBD256A3BC500908F74;
			remoteInfo = ProbaTextAnimation;
		};
/* End PBXContainerItemProxy section */

/* Begin PBXFileReference section */
		CCCF3BBE256A3BC500908F74 /* ProbaTextAnimation.app */ = {isa = PBXFileReference; explicitFileType = wrapper.application; includeInIndex = 0; path = ProbaTextAnimation.app; sourceTree = BUILT_PRODUCTS_DIR; };
		CCCF3BC1256A3BC500908F74 /* ProbaTextAnimationApp.swift */ = {isa = PBXFileReference; lastKnownFileType = sourcecode.swift; path = ProbaTextAnimationApp.swift; sourceTree = "<group>"; };
		CCCF3BC3256A3BC500908F74 /* ContentView.swift */ = {isa = PBXFileReference; lastKnownFileType = sourcecode.swift; path = ContentView.swift; sourceTree = "<group>"; };
		CCCF3BC5256A3BC600908F74 /* Assets.xcassets */ = {isa = PBXFileReference; lastKnownFileType = folder.assetcatalog; path = Assets.xcassets; sourceTree = "<group>"; };
		CCCF3BC8256A3BC600908F74 /* Preview Assets.xcassets */ = {isa = PBXFileReference; lastKnownFileType = folder.assetcatalog; path = "Preview Assets.xcassets"; sourceTree = "<group>"; };
		CCCF3BCA256A3BC600908F74 /* Info.plist */ = {isa = PBXFileReference; lastKnownFileType = text.plist.xml; path = Info.plist; sourceTree = "<group>"; };
		CCCF3BCF256A3BC600908F74 /* ProbaTextAnimationTests.xctest */ = {isa = PBXFileReference; explicitFileType = wrapper.cfbundle; includeInIndex = 0; path = ProbaTextAnimationTests.xctest; sourceTree = BUILT_PRODUCTS_DIR; };
		CCCF3BD3256A3BC600908F74 /* ProbaTextAnimationTests.swift */ = {isa = PBXFileReference; lastKnownFileType = sourcecode.swift; path = ProbaTextAnimationTests.swift; sourceTree = "<group>"; };
		CCCF3BD5256A3BC600908F74 /* Info.plist */ = {isa = PBXFileReference; lastKnownFileType = text.plist.xml; path = Info.plist; sourceTree = "<group>"; };
		CCCF3BDA256A3BC600908F74 /* ProbaTextAnimationUITests.xctest */ = {isa = PBXFileReference; explicitFileType = wrapper.cfbundle; includeInIndex = 0; path = ProbaTextAnimationUITests.xctest; sourceTree = BUILT_PRODUCTS_DIR; };
		CCCF3BDE256A3BC600908F74 /* ProbaTextAnimationUITests.swift */ = {isa = PBXFileReference; lastKnownFileType = sourcecode.swift; path = ProbaTextAnimationUITests.swift; sourceTree = "<group>"; };
		CCCF3BE0256A3BC600908F74 /* Info.plist */ = {isa = PBXFileReference; lastKnownFileType = text.plist.xml; path = Info.plist; sourceTree = "<group>"; };
		CCCF3BEF256A3C0100908F74 /* TextAnimetion.swift */ = {isa = PBXFileReference; lastKnownFileType = sourcecode.swift; path = TextAnimetion.swift; sourceTree = "<group>"; };
		CCCF3BF4256A418900908F74 /* Poli.swift */ = {isa = PBXFileReference; lastKnownFileType = sourcecode.swift; path = Poli.swift; sourceTree = "<group>"; };
/* End PBXFileReference section */

/* Begin PBXFrameworksBuildPhase section */
		CCCF3BBB256A3BC500908F74 /* Frameworks */ = {
			isa = PBXFrameworksBuildPhase;
			buildActionMask = 2147483647;
			files = (
			);
			runOnlyForDeploymentPostprocessing = 0;
		};
		CCCF3BCC256A3BC600908F74 /* Frameworks */ = {
			isa = PBXFrameworksBuildPhase;
			buildActionMask = 2147483647;
			files = (
			);
			runOnlyForDeploymentPostprocessing = 0;
		};
		CCCF3BD7256A3BC600908F74 /* Frameworks */ = {
			isa = PBXFrameworksBuildPhase;
			buildActionMask = 2147483647;
			files = (
			);
			runOnlyForDeploymentPostprocessing = 0;
		};
/* End PBXFrameworksBuildPhase section */

/* Begin PBXGroup section */
		CCCF3BB5256A3BC500908F74 = {
			isa = PBXGroup;
			children = (
				CCCF3BC0256A3BC500908F74 /* ProbaTextAnimation */,
				CCCF3BD2256A3BC600908F74 /* ProbaTextAnimationTests */,
				CCCF3BDD256A3BC600908F74 /* ProbaTextAnimationUITests */,
				CCCF3BBF256A3BC500908F74 /* Products */,
			);
			sourceTree = "<group>";
		};
		CCCF3BBF256A3BC500908F74 /* Products */ = {
			isa = PBXGroup;
			children = (
				CCCF3BBE256A3BC500908F74 /* ProbaTextAnimation.app */,
				CCCF3BCF256A3BC600908F74 /* ProbaTextAnimationTests.xctest */,
				CCCF3BDA256A3BC600908F74 /* ProbaTextAnimationUITests.xctest */,
			);
			name = Products;
			sourceTree = "<group>";
		};
		CCCF3BC0256A3BC500908F74 /* ProbaTextAnimation */ = {
			isa = PBXGroup;
			children = (
				CCCF3BC1256A3BC500908F74 /* ProbaTextAnimationApp.swift */,
				CCCF3BC3256A3BC500908F74 /* ContentView.swift */,
				CCCF3BEF256A3C0100908F74 /* TextAnimetion.swift */,
				CCCF3BF4256A418900908F74 /* Poli.swift */,
				CCCF3BC5256A3BC600908F74 /* Assets.xcassets */,
				CCCF3BCA256A3BC600908F74 /* Info.plist */,
				CCCF3BC7256A3BC600908F74 /* Preview Content */,
			);
			path = ProbaTextAnimation;
			sourceTree = "<group>";
		};
		CCCF3BC7256A3BC600908F74 /* Preview Content */ = {
			isa = PBXGroup;
			children = (
				CCCF3BC8256A3BC600908F74 /* Preview Assets.xcassets */,
			);
			path = "Preview Content";
			sourceTree = "<group>";
		};
		CCCF3BD2256A3BC600908F74 /* ProbaTextAnimationTests */ = {
			isa = PBXGroup;
			children = (
				CCCF3BD3256A3BC600908F74 /* ProbaTextAnimationTests.swift */,
				CCCF3BD5256A3BC600908F74 /* Info.plist */,
			);
			path = ProbaTextAnimationTests;
			sourceTree = "<group>";
		};
		CCCF3BDD256A3BC600908F74 /* ProbaTextAnimationUITests */ = {
			isa = PBXGroup;
			children = (
				CCCF3BDE256A3BC600908F74 /* ProbaTextAnimationUITests.swift */,
				CCCF3BE0256A3BC600908F74 /* Info.plist */,
			);
			path = ProbaTextAnimationUITests;
			sourceTree = "<group>";
		};
/* End PBXGroup section */

/* Begin PBXNativeTarget section */
		CCCF3BBD256A3BC500908F74 /* ProbaTextAnimation */ = {
			isa = PBXNativeTarget;
			buildConfigurationList = CCCF3BE3256A3BC600908F74 /* Build configuration list for PBXNativeTarget "ProbaTextAnimation" */;
			buildPhases = (
				CCCF3BBA256A3BC500908F74 /* Sources */,
				CCCF3BBB256A3BC500908F74 /* Frameworks */,
				CCCF3BBC256A3BC500908F74 /* Resources */,
			);
			buildRules = (
			);
			dependencies = (
			);
			name = ProbaTextAnimation;
			productName = ProbaTextAnimation;
			productReference = CCCF3BBE256A3BC500908F74 /* ProbaTextAnimation.app */;
			productType = "com.apple.product-type.application";
		};
		CCCF3BCE256A3BC600908F74 /* ProbaTextAnimationTests */ = {
			isa = PBXNativeTarget;
			buildConfigurationList = CCCF3BE6256A3BC600908F74 /* Build configuration list for PBXNativeTarget "ProbaTextAnimationTests" */;
			buildPhases = (
				CCCF3BCB256A3BC600908F74 /* Sources */,
				CCCF3BCC256A3BC600908F74 /* Frameworks */,
				CCCF3BCD256A3BC600908F74 /* Resources */,
			);
			buildRules = (
			);
			dependencies = (
				CCCF3BD1256A3BC600908F74 /* PBXTargetDependency */,
			);
			name = ProbaTextAnimationTests;
			productName = ProbaTextAnimationTests;
			productReference = CCCF3BCF256A3BC600908F74 /* ProbaTextAnimationTests.xctest */;
			productType = "com.apple.product-type.bundle.unit-test";
		};
		CCCF3BD9256A3BC600908F74 /* ProbaTextAnimationUITests */ = {
			isa = PBXNativeTarget;
			buildConfigurationList = CCCF3BE9256A3BC600908F74 /* Build configuration list for PBXNativeTarget "ProbaTextAnimationUITests" */;
			buildPhases = (
				CCCF3BD6256A3BC600908F74 /* Sources */,
				CCCF3BD7256A3BC600908F74 /* Frameworks */,
				CCCF3BD8256A3BC600908F74 /* Resources */,
			);
			buildRules = (
			);
			dependencies = (
				CCCF3BDC256A3BC600908F74 /* PBXTargetDependency */,
			);
			name = ProbaTextAnimationUITests;
			productName = ProbaTextAnimationUITests;
			productReference = CCCF3BDA256A3BC600908F74 /* ProbaTextAnimationUITests.xctest */;
			productType = "com.apple.product-type.bundle.ui-testing";
		};
/* End PBXNativeTarget section */

/* Begin PBXProject section */
		CCCF3BB6256A3BC500908F74 /* Project object */ = {
			isa = PBXProject;
			attributes = {
				LastSwiftUpdateCheck = 1220;
				LastUpgradeCheck = 1220;
				TargetAttributes = {
					CCCF3BBD256A3BC500908F74 = {
						CreatedOnToolsVersion = 12.2;
					};
					CCCF3BCE256A3BC600908F74 = {
						CreatedOnToolsVersion = 12.2;
						TestTargetID = CCCF3BBD256A3BC500908F74;
					};
					CCCF3BD9256A3BC600908F74 = {
						CreatedOnToolsVersion = 12.2;
						TestTargetID = CCCF3BBD256A3BC500908F74;
					};
				};
			};
			buildConfigurationList = CCCF3BB9256A3BC500908F74 /* Build configuration list for PBXProject "ProbaTextAnimation" */;
			compatibilityVersion = "Xcode 9.3";
			developmentRegion = en;
			hasScannedForEncodings = 0;
			knownRegions = (
				en,
				Base,
			);
			mainGroup = CCCF3BB5256A3BC500908F74;
			productRefGroup = CCCF3BBF256A3BC500908F74 /* Products */;
			projectDirPath = "";
			projectRoot = "";
			targets = (
				CCCF3BBD256A3BC500908F74 /* ProbaTextAnimation */,
				CCCF3BCE256A3BC600908F74 /* ProbaTextAnimationTests */,
				CCCF3BD9256A3BC600908F74 /* ProbaTextAnimationUITests */,
			);
		};
/* End PBXProject section */

/* Begin PBXResourcesBuildPhase section */
		CCCF3BBC256A3BC500908F74 /* Resources */ = {
			isa = PBXResourcesBuildPhase;
			buildActionMask = 2147483647;
			files = (
				CCCF3BC9256A3BC600908F74 /* Preview Assets.xcassets in Resources */,
				CCCF3BC6256A3BC600908F74 /* Assets.xcassets in Resources */,
			);
			runOnlyForDeploymentPostprocessing = 0;
		};
		CCCF3BCD256A3BC600908F74 /* Resources */ = {
			isa = PBXResourcesBuildPhase;
			buildActionMask = 2147483647;
			files = (
			);
			runOnlyForDeploymentPostprocessing = 0;
		};
		CCCF3BD8256A3BC600908F74 /* Resources */ = {
			isa = PBXResourcesBuildPhase;
			buildActionMask = 2147483647;
			files = (
			);
			runOnlyForDeploymentPostprocessing = 0;
		};
/* End PBXResourcesBuildPhase section */

/* Begin PBXSourcesBuildPhase section */
		CCCF3BBA256A3BC500908F74 /* Sources */ = {
			isa = PBXSourcesBuildPhase;
			buildActionMask = 2147483647;
			files = (
				CCCF3BF0256A3C0100908F74 /* TextAnimetion.swift in Sources */,
				CCCF3BF5256A418900908F74 /* Poli.swift in Sources */,
				CCCF3BC4256A3BC500908F74 /* ContentView.swift in Sources */,
				CCCF3BC2256A3BC500908F74 /* ProbaTextAnimationApp.swift in Sources */,
			);
			runOnlyForDeploymentPostprocessing = 0;
		};
		CCCF3BCB256A3BC600908F74 /* Sources */ = {
			isa = PBXSourcesBuildPhase;
			buildActionMask = 2147483647;
			files = (
				CCCF3BD4256A3BC600908F74 /* ProbaTextAnimationTests.swift in Sources */,
			);
			runOnlyForDeploymentPostprocessing = 0;
		};
		CCCF3BD6256A3BC600908F74 /* Sources */ = {
			isa = PBXSourcesBuildPhase;
			buildActionMask = 2147483647;
			files = (
				CCCF3BDF256A3BC600908F74 /* ProbaTextAnimationUITests.swift in Sources */,
			);
			runOnlyForDeploymentPostprocessing = 0;
		};
/* End PBXSourcesBuildPhase section */

/* Begin PBXTargetDependency section */
		CCCF3BD1256A3BC600908F74 /* PBXTargetDependency */ = {
			isa = PBXTargetDependency;
			target = CCCF3BBD256A3BC500908F74 /* ProbaTextAnimation */;
			targetProxy = CCCF3BD0256A3BC600908F74 /* PBXContainerItemProxy */;
		};
		CCCF3BDC256A3BC600908F74 /* PBXTargetDependency */ = {
			isa = PBXTargetDependency;
			target = CCCF3BBD256A3BC500908F74 /* ProbaTextAnimation */;
			targetProxy = CCCF3BDB256A3BC600908F74 /* PBXContainerItemProxy */;
		};
/* End PBXTargetDependency section */

/* Begin XCBuildConfiguration section */
		CCCF3BE1256A3BC600908F74 /* Debug */ = {
			isa = XCBuildConfiguration;
			buildSettings = {
				ALWAYS_SEARCH_USER_PATHS = NO;
				CLANG_ANALYZER_NONNULL = YES;
				CLANG_ANALYZER_NUMBER_OBJECT_CONVERSION = YES_AGGRESSIVE;
				CLANG_CXX_LANGUAGE_STANDARD = "gnu++14";
				CLANG_CXX_LIBRARY = "libc++";
				CLANG_ENABLE_MODULES = YES;
				CLANG_ENABLE_OBJC_ARC = YES;
				CLANG_ENABLE_OBJC_WEAK = YES;
				CLANG_WARN_BLOCK_CAPTURE_AUTORELEASING = YES;
				CLANG_WARN_BOOL_CONVERSION = YES;
				CLANG_WARN_COMMA = YES;
				CLANG_WARN_CONSTANT_CONVERSION = YES;
				CLANG_WARN_DEPRECATED_OBJC_IMPLEMENTATIONS = YES;
				CLANG_WARN_DIRECT_OBJC_ISA_USAGE = YES_ERROR;
				CLANG_WARN_DOCUMENTATION_COMMENTS = YES;
				CLANG_WARN_EMPTY_BODY = YES;
				CLANG_WARN_ENUM_CONVERSION = YES;
				CLANG_WARN_INFINITE_RECURSION = YES;
				CLANG_WARN_INT_CONVERSION = YES;
				CLANG_WARN_NON_LITERAL_NULL_CONVERSION = YES;
				CLANG_WARN_OBJC_IMPLICIT_RETAIN_SELF = YES;
				CLANG_WARN_OBJC_LITERAL_CONVERSION = YES;
				CLANG_WARN_OBJC_ROOT_CLASS = YES_ERROR;
				CLANG_WARN_QUOTED_INCLUDE_IN_FRAMEWORK_HEADER = YES;
				CLANG_WARN_RANGE_LOOP_ANALYSIS = YES;
				CLANG_WARN_STRICT_PROTOTYPES = YES;
				CLANG_WARN_SUSPICIOUS_MOVE = YES;
				CLANG_WARN_UNGUARDED_AVAILABILITY = YES_AGGRESSIVE;
				CLANG_WARN_UNREACHABLE_CODE = YES;
				CLANG_WARN__DUPLICATE_METHOD_MATCH = YES;
				COPY_PHASE_STRIP = NO;
				DEBUG_INFORMATION_FORMAT = dwarf;
				ENABLE_STRICT_OBJC_MSGSEND = YES;
				ENABLE_TESTABILITY = YES;
				GCC_C_LANGUAGE_STANDARD = gnu11;
				GCC_DYNAMIC_NO_PIC = NO;
				GCC_NO_COMMON_BLOCKS = YES;
				GCC_OPTIMIZATION_LEVEL = 0;
				GCC_PREPROCESSOR_DEFINITIONS = (
					"DEBUG=1",
					"$(inherited)",
				);
				GCC_WARN_64_TO_32_BIT_CONVERSION = YES;
				GCC_WARN_ABOUT_RETURN_TYPE = YES_ERROR;
				GCC_WARN_UNDECLARED_SELECTOR = YES;
				GCC_WARN_UNINITIALIZED_AUTOS = YES_AGGRESSIVE;
				GCC_WARN_UNUSED_FUNCTION = YES;
				GCC_WARN_UNUSED_VARIABLE = YES;
				IPHONEOS_DEPLOYMENT_TARGET = 14.2;
				MTL_ENABLE_DEBUG_INFO = INCLUDE_SOURCE;
				MTL_FAST_MATH = YES;
				ONLY_ACTIVE_ARCH = YES;
				SDKROOT = iphoneos;
				SWIFT_ACTIVE_COMPILATION_CONDITIONS = DEBUG;
				SWIFT_OPTIMIZATION_LEVEL = "-Onone";
			};
			name = Debug;
		};
		CCCF3BE2256A3BC600908F74 /* Release */ = {
			isa = XCBuildConfiguration;
			buildSettings = {
				ALWAYS_SEARCH_USER_PATHS = NO;
				CLANG_ANALYZER_NONNULL = YES;
				CLANG_ANALYZER_NUMBER_OBJECT_CONVERSION = YES_AGGRESSIVE;
				CLANG_CXX_LANGUAGE_STANDARD = "gnu++14";
				CLANG_CXX_LIBRARY = "libc++";
				CLANG_ENABLE_MODULES = YES;
				CLANG_ENABLE_OBJC_ARC = YES;
				CLANG_ENABLE_OBJC_WEAK = YES;
				CLANG_WARN_BLOCK_CAPTURE_AUTORELEASING = YES;
				CLANG_WARN_BOOL_CONVERSION = YES;
				CLANG_WARN_COMMA = YES;
				CLANG_WARN_CONSTANT_CONVERSION = YES;
				CLANG_WARN_DEPRECATED_OBJC_IMPLEMENTATIONS = YES;
				CLANG_WARN_DIRECT_OBJC_ISA_USAGE = YES_ERROR;
				CLANG_WARN_DOCUMENTATION_COMMENTS = YES;
				CLANG_WARN_EMPTY_BODY = YES;
				CLANG_WARN_ENUM_CONVERSION = YES;
				CLANG_WARN_INFINITE_RECURSION = YES;
				CLANG_WARN_INT_CONVERSION = YES;
				CLANG_WARN_NON_LITERAL_NULL_CONVERSION = YES;
				CLANG_WARN_OBJC_IMPLICIT_RETAIN_SELF = YES;
				CLANG_WARN_OBJC_LITERAL_CONVERSION = YES;
				CLANG_WARN_OBJC_ROOT_CLASS = YES_ERROR;
				CLANG_WARN_QUOTED_INCLUDE_IN_FRAMEWORK_HEADER = YES;
				CLANG_WARN_RANGE_LOOP_ANALYSIS = YES;
				CLANG_WARN_STRICT_PROTOTYPES = YES;
				CLANG_WARN_SUSPICIOUS_MOVE = YES;
				CLANG_WARN_UNGUARDED_AVAILABILITY = YES_AGGRESSIVE;
				CLANG_WARN_UNREACHABLE_CODE = YES;
				CLANG_WARN__DUPLICATE_METHOD_MATCH = YES;
				COPY_PHASE_STRIP = NO;
				DEBUG_INFORMATION_FORMAT = "dwarf-with-dsym";
				ENABLE_NS_ASSERTIONS = NO;
				ENABLE_STRICT_OBJC_MSGSEND = YES;
				GCC_C_LANGUAGE_STANDARD = gnu11;
				GCC_NO_COMMON_BLOCKS = YES;
				GCC_WARN_64_TO_32_BIT_CONVERSION = YES;
				GCC_WARN_ABOUT_RETURN_TYPE = YES_ERROR;
				GCC_WARN_UNDECLARED_SELECTOR = YES;
				GCC_WARN_UNINITIALIZED_AUTOS = YES_AGGRESSIVE;
				GCC_WARN_UNUSED_FUNCTION = YES;
				GCC_WARN_UNUSED_VARIABLE = YES;
				IPHONEOS_DEPLOYMENT_TARGET = 14.2;
				MTL_ENABLE_DEBUG_INFO = NO;
				MTL_FAST_MATH = YES;
				SDKROOT = iphoneos;
				SWIFT_COMPILATION_MODE = wholemodule;
				SWIFT_OPTIMIZATION_LEVEL = "-O";
				VALIDATE_PRODUCT = YES;
			};
			name = Release;
		};
		CCCF3BE4256A3BC600908F74 /* Debug */ = {
			isa = XCBuildConfiguration;
			buildSettings = {
				ASSETCATALOG_COMPILER_APPICON_NAME = AppIcon;
				ASSETCATALOG_COMPILER_GLOBAL_ACCENT_COLOR_NAME = AccentColor;
				CODE_SIGN_STYLE = Automatic;
				DEVELOPMENT_ASSET_PATHS = "\"ProbaTextAnimation/Preview Content\"";
				DEVELOPMENT_TEAM = 2FYTR3E5Q9;
				ENABLE_PREVIEWS = YES;
				INFOPLIST_FILE = ProbaTextAnimation/Info.plist;
				IPHONEOS_DEPLOYMENT_TARGET = 14.0;
				LD_RUNPATH_SEARCH_PATHS = (
					"$(inherited)",
					"@executable_path/Frameworks",
				);
				PRODUCT_BUNDLE_IDENTIFIER = com.ivandosev.ProbaTextAnimation;
				PRODUCT_NAME = "$(TARGET_NAME)";
				SWIFT_VERSION = 5.0;
				TARGETED_DEVICE_FAMILY = "1,2";
			};
			name = Debug;
		};
		CCCF3BE5256A3BC600908F74 /* Release */ = {
			isa = XCBuildConfiguration;
			buildSettings = {
				ASSETCATALOG_COMPILER_APPICON_NAME = AppIcon;
				ASSETCATALOG_COMPILER_GLOBAL_ACCENT_COLOR_NAME = AccentColor;
				CODE_SIGN_STYLE = Automatic;
				DEVELOPMENT_ASSET_PATHS = "\"ProbaTextAnimation/Preview Content\"";
				DEVELOPMENT_TEAM = 2FYTR3E5Q9;
				ENABLE_PREVIEWS = YES;
				INFOPLIST_FILE = ProbaTextAnimation/Info.plist;
				IPHONEOS_DEPLOYMENT_TARGET = 14.0;
				LD_RUNPATH_SEARCH_PATHS = (
					"$(inherited)",
					"@executable_path/Frameworks",
				);
				PRODUCT_BUNDLE_IDENTIFIER = com.ivandosev.ProbaTextAnimation;
				PRODUCT_NAME = "$(TARGET_NAME)";
				SWIFT_VERSION = 5.0;
				TARGETED_DEVICE_FAMILY = "1,2";
			};
			name = Release;
		};
		CCCF3BE7256A3BC600908F74 /* Debug */ = {
			isa = XCBuildConfiguration;
			buildSettings = {
				ALWAYS_EMBED_SWIFT_STANDARD_LIBRARIES = YES;
				BUNDLE_LOADER = "$(TEST_HOST)";
				CODE_SIGN_STYLE = Automatic;
				DEVELOPMENT_TEAM = 2FYTR3E5Q9;
				INFOPLIST_FILE = ProbaTextAnimationTests/Info.plist;
				IPHONEOS_DEPLOYMENT_TARGET = 14.0;
				LD_RUNPATH_SEARCH_PATHS = (
					"$(inherited)",
					"@executable_path/Frameworks",
					"@loader_path/Frameworks",
				);
				PRODUCT_BUNDLE_IDENTIFIER = com.ivandosev.ProbaTextAnimationTests;
				PRODUCT_NAME = "$(TARGET_NAME)";
				SWIFT_VERSION = 5.0;
				TARGETED_DEVICE_FAMILY = "1,2";
				TEST_HOST = "$(BUILT_PRODUCTS_DIR)/ProbaTextAnimation.app/ProbaTextAnimation";
			};
			name = Debug;
		};
		CCCF3BE8256A3BC600908F74 /* Release */ = {
			isa = XCBuildConfiguration;
			buildSettings = {
				ALWAYS_EMBED_SWIFT_STANDARD_LIBRARIES = YES;
				BUNDLE_LOADER = "$(TEST_HOST)";
				CODE_SIGN_STYLE = Automatic;
				DEVELOPMENT_TEAM = 2FYTR3E5Q9;
				INFOPLIST_FILE = ProbaTextAnimationTests/Info.plist;
				IPHONEOS_DEPLOYMENT_TARGET = 14.0;
				LD_RUNPATH_SEARCH_PATHS = (
					"$(inherited)",
					"@executable_path/Frameworks",
					"@loader_path/Frameworks",
				);
				PRODUCT_BUNDLE_IDENTIFIER = com.ivandosev.ProbaTextAnimationTests;
				PRODUCT_NAME = "$(TARGET_NAME)";
				SWIFT_VERSION = 5.0;
				TARGETED_DEVICE_FAMILY = "1,2";
				TEST_HOST = "$(BUILT_PRODUCTS_DIR)/ProbaTextAnimation.app/ProbaTextAnimation";
			};
			name = Release;
		};
		CCCF3BEA256A3BC600908F74 /* Debug */ = {
			isa = XCBuildConfiguration;
			buildSettings = {
				ALWAYS_EMBED_SWIFT_STANDARD_LIBRARIES = YES;
				CODE_SIGN_STYLE = Automatic;
				DEVELOPMENT_TEAM = 2FYTR3E5Q9;
				INFOPLIST_FILE = ProbaTextAnimationUITests/Info.plist;
				LD_RUNPATH_SEARCH_PATHS = (
					"$(inherited)",
					"@executable_path/Frameworks",
					"@loader_path/Frameworks",
				);
				PRODUCT_BUNDLE_IDENTIFIER = com.ivandosev.ProbaTextAnimationUITests;
				PRODUCT_NAME = "$(TARGET_NAME)";
				SWIFT_VERSION = 5.0;
				TARGETED_DEVICE_FAMILY = "1,2";
				TEST_TARGET_NAME = ProbaTextAnimation;
			};
			name = Debug;
		};
		CCCF3BEB256A3BC600908F74 /* Release */ = {
			isa = XCBuildConfiguration;
			buildSettings = {
				ALWAYS_EMBED_SWIFT_STANDARD_LIBRARIES = YES;
				CODE_SIGN_STYLE = Automatic;
				DEVELOPMENT_TEAM = 2FYTR3E5Q9;
				INFOPLIST_FILE = ProbaTextAnimationUITests/Info.plist;
				LD_RUNPATH_SEARCH_PATHS = (
					"$(inherited)",
					"@executable_path/Frameworks",
					"@loader_path/Frameworks",
				);
				PRODUCT_BUNDLE_IDENTIFIER = com.ivandosev.ProbaTextAnimationUITests;
				PRODUCT_NAME = "$(TARGET_NAME)";
				SWIFT_VERSION = 5.0;
				TARGETED_DEVICE_FAMILY = "1,2";
				TEST_TARGET_NAME = ProbaTextAnimation;
			};
			name = Release;
		};
/* End XCBuildConfiguration section */

/* Begin XCConfigurationList section */
		CCCF3BB9256A3BC500908F74 /* Build configuration list for PBXProject "ProbaTextAnimation" */ = {
			isa = XCConfigurationList;
			buildConfigurations = (
				CCCF3BE1256A3BC600908F74 /* Debug */,
				CCCF3BE2256A3BC600908F74 /* Release */,
			);
			defaultConfigurationIsVisible = 0;
			defaultConfigurationName = Release;
		};
		CCCF3BE3256A3BC600908F74 /* Build configuration list for PBXNativeTarget "ProbaTextAnimation" */ = {
			isa = XCConfigurationList;
			buildConfigurations = (
				CCCF3BE4256A3BC600908F74 /* Debug */,
				CCCF3BE5256A3BC600908F74 /* Release */,
			);
			defaultConfigurationIsVisible = 0;
			defaultConfigurationName = Release;
		};
		CCCF3BE6256A3BC600908F74 /* Build configuration list for PBXNativeTarget "ProbaTextAnimationTests" */ = {
			isa = XCConfigurationList;
			buildConfigurations = (
				CCCF3BE7256A3BC600908F74 /* Debug */,
				CCCF3BE8256A3BC600908F74 /* Release */,
			);
			defaultConfigurationIsVisible = 0;
			defaultConfigurationName = Release;
		};
		CCCF3BE9256A3BC600908F74 /* Build configuration list for PBXNativeTarget "ProbaTextAnimationUITests" */ = {
			isa = XCConfigurationList;
			buildConfigurations = (
				CCCF3BEA256A3BC600908F74 /* Debug */,
				CCCF3BEB256A3BC600908F74 /* Release */,
			);
			defaultConfigurationIsVisible = 0;
			defaultConfigurationName = Release;
		};
/* End XCConfigurationList section */
	};
	rootObject = CCCF3BB6256A3BC500908F74 /* Project object */;
}
